// !$*UTF8*$!
{
	archiveVersion = 1;
	classes = {
	};
	objectVersion = 46;
	objects = {

/* Begin PBXBuildFile section */
		1F57707F1EBFC9D3005E0783 /* WorkoutModel.xcdatamodeld in Sources */ = {isa = PBXBuildFile; fileRef = 1F57707D1EBFC9D3005E0783 /* WorkoutModel.xcdatamodeld */; };
		1F5770991EBFD0FA005E0783 /* LocalDatabaseController.swift in Sources */ = {isa = PBXBuildFile; fileRef = 1F5770981EBFD0FA005E0783 /* LocalDatabaseController.swift */; };
		1F7A2B2D1CEAFA2400095F72 /* AppDelegate.swift in Sources */ = {isa = PBXBuildFile; fileRef = 1F7A2B2C1CEAFA2400095F72 /* AppDelegate.swift */; };
		1F7A2B341CEAFA2600095F72 /* Assets.xcassets in Resources */ = {isa = PBXBuildFile; fileRef = 1F7A2B331CEAFA2600095F72 /* Assets.xcassets */; };
		1F7A2B371CEAFA2600095F72 /* LaunchScreen.storyboard in Resources */ = {isa = PBXBuildFile; fileRef = 1F7A2B351CEAFA2600095F72 /* LaunchScreen.storyboard */; };
		1F7A2B421CEAFA2600095F72 /* SelectorViewTests.swift in Sources */ = {isa = PBXBuildFile; fileRef = 1F7A2B411CEAFA2600095F72 /* SelectorViewTests.swift */; };
		1F7A2B4D1CEAFA2700095F72 /* SelectorViewUITests.swift in Sources */ = {isa = PBXBuildFile; fileRef = 1F7A2B4C1CEAFA2700095F72 /* SelectorViewUITests.swift */; };
		1F7A2B5B1CEAFAF900095F72 /* WorkoutSelectorVC.swift in Sources */ = {isa = PBXBuildFile; fileRef = 1F7A2B5A1CEAFAF900095F72 /* WorkoutSelectorVC.swift */; };
		1F9577C81CFEAE4100525C51 /* ContainerViewController.swift in Sources */ = {isa = PBXBuildFile; fileRef = 1F9577C71CFEAE4100525C51 /* ContainerViewController.swift */; };
		1F9577CA1CFEAEFC00525C51 /* SidePanelViewController.swift in Sources */ = {isa = PBXBuildFile; fileRef = 1F9577C91CFEAEFC00525C51 /* SidePanelViewController.swift */; };
		1F9577CE1CFFBA1A00525C51 /* WorkoutArchiveVC.swift in Sources */ = {isa = PBXBuildFile; fileRef = 1F9577CD1CFFBA1A00525C51 /* WorkoutArchiveVC.swift */; };
		1F9577D01D00F24900525C51 /* WorkoutRequestVC.swift in Sources */ = {isa = PBXBuildFile; fileRef = 1F9577CF1D00F24900525C51 /* WorkoutRequestVC.swift */; };
		1F9577D21D00FFFC00525C51 /* WorkoutTableVC.swift in Sources */ = {isa = PBXBuildFile; fileRef = 1F9577D11D00FFFC00525C51 /* WorkoutTableVC.swift */; };
		1F9577D41D0112FF00525C51 /* WorkoutData.swift in Sources */ = {isa = PBXBuildFile; fileRef = 1F9577D31D0112FF00525C51 /* WorkoutData.swift */; };
		1F9577D61D04DDB000525C51 /* ExerciseCell.swift in Sources */ = {isa = PBXBuildFile; fileRef = 1F9577D51D04DDB000525C51 /* ExerciseCell.swift */; };
		1F9577D81D04E6F800525C51 /* RoutineHeaderCell.swift in Sources */ = {isa = PBXBuildFile; fileRef = 1F9577D71D04E6F800525C51 /* RoutineHeaderCell.swift */; };
		1F9577DA1D0FC71100525C51 /* ArchiveCell.swift in Sources */ = {isa = PBXBuildFile; fileRef = 1F9577D91D0FC71100525C51 /* ArchiveCell.swift */; };
		1F9577DC1D10EFBA00525C51 /* WorkoutOptionVC.swift in Sources */ = {isa = PBXBuildFile; fileRef = 1F9577DB1D10EFBA00525C51 /* WorkoutOptionVC.swift */; };
		1F9577DE1D14886D00525C51 /* OptionCollectionVC.swift in Sources */ = {isa = PBXBuildFile; fileRef = 1F9577DD1D14886D00525C51 /* OptionCollectionVC.swift */; };
		1F9577E01D14923F00525C51 /* WorkoutOptionCell.swift in Sources */ = {isa = PBXBuildFile; fileRef = 1F9577DF1D14923F00525C51 /* WorkoutOptionCell.swift */; };
		1F9577E21D1901D500525C51 /* WorkoutSaveVC.swift in Sources */ = {isa = PBXBuildFile; fileRef = 1F9577E11D1901D500525C51 /* WorkoutSaveVC.swift */; };
/* End PBXBuildFile section */

/* Begin PBXContainerItemProxy section */
		1F7A2B3E1CEAFA2600095F72 /* PBXContainerItemProxy */ = {
			isa = PBXContainerItemProxy;
			containerPortal = 1F7A2B211CEAFA2400095F72 /* Project object */;
			proxyType = 1;
			remoteGlobalIDString = 1F7A2B281CEAFA2400095F72;
			remoteInfo = SelectorView;
		};
		1F7A2B491CEAFA2600095F72 /* PBXContainerItemProxy */ = {
			isa = PBXContainerItemProxy;
			containerPortal = 1F7A2B211CEAFA2400095F72 /* Project object */;
			proxyType = 1;
			remoteGlobalIDString = 1F7A2B281CEAFA2400095F72;
			remoteInfo = SelectorView;
		};
/* End PBXContainerItemProxy section */

/* Begin PBXFileReference section */
		1F57707E1EBFC9D3005E0783 /* WorkoutModel.xcdatamodel */ = {isa = PBXFileReference; lastKnownFileType = wrapper.xcdatamodel; path = WorkoutModel.xcdatamodel; sourceTree = "<group>"; };
		1F5770981EBFD0FA005E0783 /* LocalDatabaseController.swift */ = {isa = PBXFileReference; fileEncoding = 4; lastKnownFileType = sourcecode.swift; path = LocalDatabaseController.swift; sourceTree = "<group>"; };
		1F7A2B291CEAFA2400095F72 /* SweatRoulette.app */ = {isa = PBXFileReference; explicitFileType = wrapper.application; includeInIndex = 0; path = SweatRoulette.app; sourceTree = BUILT_PRODUCTS_DIR; };
		1F7A2B2C1CEAFA2400095F72 /* AppDelegate.swift */ = {isa = PBXFileReference; lastKnownFileType = sourcecode.swift; path = AppDelegate.swift; sourceTree = "<group>"; };
		1F7A2B331CEAFA2600095F72 /* Assets.xcassets */ = {isa = PBXFileReference; lastKnownFileType = folder.assetcatalog; path = Assets.xcassets; sourceTree = "<group>"; };
		1F7A2B361CEAFA2600095F72 /* Base */ = {isa = PBXFileReference; lastKnownFileType = file.storyboard; name = Base; path = Base.lproj/LaunchScreen.storyboard; sourceTree = "<group>"; };
		1F7A2B381CEAFA2600095F72 /* Info.plist */ = {isa = PBXFileReference; lastKnownFileType = text.plist.xml; path = Info.plist; sourceTree = "<group>"; };
		1F7A2B3D1CEAFA2600095F72 /* SweatRouletteTests.xctest */ = {isa = PBXFileReference; explicitFileType = wrapper.cfbundle; includeInIndex = 0; path = SweatRouletteTests.xctest; sourceTree = BUILT_PRODUCTS_DIR; };
		1F7A2B411CEAFA2600095F72 /* SelectorViewTests.swift */ = {isa = PBXFileReference; lastKnownFileType = sourcecode.swift; path = SelectorViewTests.swift; sourceTree = "<group>"; };
		1F7A2B431CEAFA2600095F72 /* Info.plist */ = {isa = PBXFileReference; lastKnownFileType = text.plist.xml; path = Info.plist; sourceTree = "<group>"; };
		1F7A2B481CEAFA2600095F72 /* SweatRouletteTests.xctest */ = {isa = PBXFileReference; explicitFileType = wrapper.cfbundle; includeInIndex = 0; path = SweatRouletteTests.xctest; sourceTree = BUILT_PRODUCTS_DIR; };
		1F7A2B4C1CEAFA2700095F72 /* SelectorViewUITests.swift */ = {isa = PBXFileReference; lastKnownFileType = sourcecode.swift; path = SelectorViewUITests.swift; sourceTree = "<group>"; };
		1F7A2B4E1CEAFA2700095F72 /* Info.plist */ = {isa = PBXFileReference; lastKnownFileType = text.plist.xml; path = Info.plist; sourceTree = "<group>"; };
		1F7A2B5A1CEAFAF900095F72 /* WorkoutSelectorVC.swift */ = {isa = PBXFileReference; fileEncoding = 4; lastKnownFileType = sourcecode.swift; name = WorkoutSelectorVC.swift; path = ../WorkoutSelectorVC.swift; sourceTree = "<group>"; };
		1F9577C71CFEAE4100525C51 /* ContainerViewController.swift */ = {isa = PBXFileReference; fileEncoding = 4; lastKnownFileType = sourcecode.swift; name = ContainerViewController.swift; path = ../ContainerViewController.swift; sourceTree = "<group>"; };
		1F9577C91CFEAEFC00525C51 /* SidePanelViewController.swift */ = {isa = PBXFileReference; fileEncoding = 4; lastKnownFileType = sourcecode.swift; path = SidePanelViewController.swift; sourceTree = "<group>"; };
		1F9577CD1CFFBA1A00525C51 /* WorkoutArchiveVC.swift */ = {isa = PBXFileReference; fileEncoding = 4; lastKnownFileType = sourcecode.swift; path = WorkoutArchiveVC.swift; sourceTree = "<group>"; };
		1F9577CF1D00F24900525C51 /* WorkoutRequestVC.swift */ = {isa = PBXFileReference; fileEncoding = 4; lastKnownFileType = sourcecode.swift; path = WorkoutRequestVC.swift; sourceTree = "<group>"; };
		1F9577D11D00FFFC00525C51 /* WorkoutTableVC.swift */ = {isa = PBXFileReference; fileEncoding = 4; lastKnownFileType = sourcecode.swift; path = WorkoutTableVC.swift; sourceTree = "<group>"; };
		1F9577D31D0112FF00525C51 /* WorkoutData.swift */ = {isa = PBXFileReference; fileEncoding = 4; lastKnownFileType = sourcecode.swift; path = WorkoutData.swift; sourceTree = "<group>"; };
		1F9577D51D04DDB000525C51 /* ExerciseCell.swift */ = {isa = PBXFileReference; fileEncoding = 4; lastKnownFileType = sourcecode.swift; path = ExerciseCell.swift; sourceTree = "<group>"; };
		1F9577D71D04E6F800525C51 /* RoutineHeaderCell.swift */ = {isa = PBXFileReference; fileEncoding = 4; lastKnownFileType = sourcecode.swift; path = RoutineHeaderCell.swift; sourceTree = "<group>"; };
		1F9577D91D0FC71100525C51 /* ArchiveCell.swift */ = {isa = PBXFileReference; fileEncoding = 4; lastKnownFileType = sourcecode.swift; path = ArchiveCell.swift; sourceTree = "<group>"; };
		1F9577DB1D10EFBA00525C51 /* WorkoutOptionVC.swift */ = {isa = PBXFileReference; fileEncoding = 4; lastKnownFileType = sourcecode.swift; path = WorkoutOptionVC.swift; sourceTree = "<group>"; };
		1F9577DD1D14886D00525C51 /* OptionCollectionVC.swift */ = {isa = PBXFileReference; fileEncoding = 4; lastKnownFileType = sourcecode.swift; path = OptionCollectionVC.swift; sourceTree = "<group>"; };
		1F9577DF1D14923F00525C51 /* WorkoutOptionCell.swift */ = {isa = PBXFileReference; fileEncoding = 4; lastKnownFileType = sourcecode.swift; path = WorkoutOptionCell.swift; sourceTree = "<group>"; };
		1F9577E11D1901D500525C51 /* WorkoutSaveVC.swift */ = {isa = PBXFileReference; fileEncoding = 4; lastKnownFileType = sourcecode.swift; path = WorkoutSaveVC.swift; sourceTree = "<group>"; };
/* End PBXFileReference section */

/* Begin PBXFrameworksBuildPhase section */
		1F7A2B261CEAFA2400095F72 /* Frameworks */ = {
			isa = PBXFrameworksBuildPhase;
			buildActionMask = 2147483647;
			files = (
			);
			runOnlyForDeploymentPostprocessing = 0;
		};
		1F7A2B3A1CEAFA2600095F72 /* Frameworks */ = {
			isa = PBXFrameworksBuildPhase;
			buildActionMask = 2147483647;
			files = (
			);
			runOnlyForDeploymentPostprocessing = 0;
		};
		1F7A2B451CEAFA2600095F72 /* Frameworks */ = {
			isa = PBXFrameworksBuildPhase;
			buildActionMask = 2147483647;
			files = (
			);
			runOnlyForDeploymentPostprocessing = 0;
		};
/* End PBXFrameworksBuildPhase section */

/* Begin PBXGroup section */
		1F7A2B201CEAFA2300095F72 = {
			isa = PBXGroup;
			children = (
				1F7A2B2B1CEAFA2400095F72 /* SelectorView */,
				1F7A2B401CEAFA2600095F72 /* SelectorViewTests */,
				1F7A2B4B1CEAFA2700095F72 /* SelectorViewUITests */,
				1F7A2B2A1CEAFA2400095F72 /* Products */,
			);
			sourceTree = "<group>";
		};
		1F7A2B2A1CEAFA2400095F72 /* Products */ = {
			isa = PBXGroup;
			children = (
				1F7A2B291CEAFA2400095F72 /* SweatRoulette.app */,
				1F7A2B3D1CEAFA2600095F72 /* SweatRouletteTests.xctest */,
				1F7A2B481CEAFA2600095F72 /* SweatRouletteTests.xctest */,
			);
			name = Products;
			sourceTree = "<group>";
		};
		1F7A2B2B1CEAFA2400095F72 /* SelectorView */ = {
			isa = PBXGroup;
			children = (
				1F7A2B2C1CEAFA2400095F72 /* AppDelegate.swift */,
				1F9577C71CFEAE4100525C51 /* ContainerViewController.swift */,
				1F9577C91CFEAEFC00525C51 /* SidePanelViewController.swift */,
				1F7A2B5A1CEAFAF900095F72 /* WorkoutSelectorVC.swift */,
				1F9577DB1D10EFBA00525C51 /* WorkoutOptionVC.swift */,
				1F9577DD1D14886D00525C51 /* OptionCollectionVC.swift */,
				1F9577CF1D00F24900525C51 /* WorkoutRequestVC.swift */,
				1F9577D11D00FFFC00525C51 /* WorkoutTableVC.swift */,
				1F57707D1EBFC9D3005E0783 /* WorkoutModel.xcdatamodeld */,
				1F9577E11D1901D500525C51 /* WorkoutSaveVC.swift */,
				1F9577CD1CFFBA1A00525C51 /* WorkoutArchiveVC.swift */,
				1F9577D31D0112FF00525C51 /* WorkoutData.swift */,
				1F9577DF1D14923F00525C51 /* WorkoutOptionCell.swift */,
				1F9577D51D04DDB000525C51 /* ExerciseCell.swift */,
				1F9577D71D04E6F800525C51 /* RoutineHeaderCell.swift */,
				1F9577D91D0FC71100525C51 /* ArchiveCell.swift */,
				1F7A2B331CEAFA2600095F72 /* Assets.xcassets */,
				1F7A2B351CEAFA2600095F72 /* LaunchScreen.storyboard */,
				1F7A2B381CEAFA2600095F72 /* Info.plist */,
				1F5770981EBFD0FA005E0783 /* LocalDatabaseController.swift */,
			);
			path = SelectorView;
			sourceTree = "<group>";
		};
		1F7A2B401CEAFA2600095F72 /* SelectorViewTests */ = {
			isa = PBXGroup;
			children = (
				1F7A2B411CEAFA2600095F72 /* SelectorViewTests.swift */,
				1F7A2B431CEAFA2600095F72 /* Info.plist */,
			);
			path = SelectorViewTests;
			sourceTree = "<group>";
		};
		1F7A2B4B1CEAFA2700095F72 /* SelectorViewUITests */ = {
			isa = PBXGroup;
			children = (
				1F7A2B4C1CEAFA2700095F72 /* SelectorViewUITests.swift */,
				1F7A2B4E1CEAFA2700095F72 /* Info.plist */,
			);
			path = SelectorViewUITests;
			sourceTree = "<group>";
		};
/* End PBXGroup section */

/* Begin PBXNativeTarget section */
		1F7A2B281CEAFA2400095F72 /* SweatRoulette */ = {
			isa = PBXNativeTarget;
			buildConfigurationList = 1F7A2B511CEAFA2700095F72 /* Build configuration list for PBXNativeTarget "SweatRoulette" */;
			buildPhases = (
				1F7A2B251CEAFA2400095F72 /* Sources */,
				1F7A2B261CEAFA2400095F72 /* Frameworks */,
				1F7A2B271CEAFA2400095F72 /* Resources */,
			);
			buildRules = (
			);
			dependencies = (
			);
			name = SweatRoulette;
			productName = SelectorView;
			productReference = 1F7A2B291CEAFA2400095F72 /* SweatRoulette.app */;
			productType = "com.apple.product-type.application";
		};
		1F7A2B3C1CEAFA2600095F72 /* SweatRouletteTests */ = {
			isa = PBXNativeTarget;
			buildConfigurationList = 1F7A2B541CEAFA2700095F72 /* Build configuration list for PBXNativeTarget "SweatRouletteTests" */;
			buildPhases = (
				1F7A2B391CEAFA2600095F72 /* Sources */,
				1F7A2B3A1CEAFA2600095F72 /* Frameworks */,
				1F7A2B3B1CEAFA2600095F72 /* Resources */,
			);
			buildRules = (
			);
			dependencies = (
				1F7A2B3F1CEAFA2600095F72 /* PBXTargetDependency */,
			);
			name = SweatRouletteTests;
			productName = SelectorViewTests;
			productReference = 1F7A2B3D1CEAFA2600095F72 /* SweatRouletteTests.xctest */;
			productType = "com.apple.product-type.bundle.unit-test";
		};
		1F7A2B471CEAFA2600095F72 /* SweatRouletteUITests */ = {
			isa = PBXNativeTarget;
			buildConfigurationList = 1F7A2B571CEAFA2700095F72 /* Build configuration list for PBXNativeTarget "SweatRouletteUITests" */;
			buildPhases = (
				1F7A2B441CEAFA2600095F72 /* Sources */,
				1F7A2B451CEAFA2600095F72 /* Frameworks */,
				1F7A2B461CEAFA2600095F72 /* Resources */,
			);
			buildRules = (
			);
			dependencies = (
				1F7A2B4A1CEAFA2600095F72 /* PBXTargetDependency */,
			);
			name = SweatRouletteUITests;
			productName = SelectorViewUITests;
			productReference = 1F7A2B481CEAFA2600095F72 /* SweatRouletteTests.xctest */;
			productType = "com.apple.product-type.bundle.ui-testing";
		};
/* End PBXNativeTarget section */

/* Begin PBXProject section */
		1F7A2B211CEAFA2400095F72 /* Project object */ = {
			isa = PBXProject;
			attributes = {
				LastSwiftUpdateCheck = 0720;
				LastUpgradeCheck = 0720;
				ORGANIZATIONNAME = "Saad Omar";
				TargetAttributes = {
					1F7A2B281CEAFA2400095F72 = {
						CreatedOnToolsVersion = 7.2.1;
						DevelopmentTeam = Z9ZB67X8BA;
					};
					1F7A2B3C1CEAFA2600095F72 = {
						CreatedOnToolsVersion = 7.2.1;
						DevelopmentTeam = Z9ZB67X8BA;
						TestTargetID = 1F7A2B281CEAFA2400095F72;
					};
					1F7A2B471CEAFA2600095F72 = {
						CreatedOnToolsVersion = 7.2.1;
						DevelopmentTeam = Z9ZB67X8BA;
						TestTargetID = 1F7A2B281CEAFA2400095F72;
					};
				};
			};
			buildConfigurationList = 1F7A2B241CEAFA2400095F72 /* Build configuration list for PBXProject "SweatRoulette" */;
			compatibilityVersion = "Xcode 3.2";
			developmentRegion = English;
			hasScannedForEncodings = 0;
			knownRegions = (
				en,
				Base,
			);
			mainGroup = 1F7A2B201CEAFA2300095F72;
			productRefGroup = 1F7A2B2A1CEAFA2400095F72 /* Products */;
			projectDirPath = "";
			projectRoot = "";
			targets = (
				1F7A2B281CEAFA2400095F72 /* SweatRoulette */,
				1F7A2B3C1CEAFA2600095F72 /* SweatRouletteTests */,
				1F7A2B471CEAFA2600095F72 /* SweatRouletteUITests */,
			);
		};
/* End PBXProject section */

/* Begin PBXResourcesBuildPhase section */
		1F7A2B271CEAFA2400095F72 /* Resources */ = {
			isa = PBXResourcesBuildPhase;
			buildActionMask = 2147483647;
			files = (
				1F7A2B371CEAFA2600095F72 /* LaunchScreen.storyboard in Resources */,
				1F7A2B341CEAFA2600095F72 /* Assets.xcassets in Resources */,
			);
			runOnlyForDeploymentPostprocessing = 0;
		};
		1F7A2B3B1CEAFA2600095F72 /* Resources */ = {
			isa = PBXResourcesBuildPhase;
			buildActionMask = 2147483647;
			files = (
			);
			runOnlyForDeploymentPostprocessing = 0;
		};
		1F7A2B461CEAFA2600095F72 /* Resources */ = {
			isa = PBXResourcesBuildPhase;
			buildActionMask = 2147483647;
			files = (
			);
			runOnlyForDeploymentPostprocessing = 0;
		};
/* End PBXResourcesBuildPhase section */

/* Begin PBXSourcesBuildPhase section */
		1F7A2B251CEAFA2400095F72 /* Sources */ = {
			isa = PBXSourcesBuildPhase;
			buildActionMask = 2147483647;
			files = (
				1F9577CE1CFFBA1A00525C51 /* WorkoutArchiveVC.swift in Sources */,
				1F9577D81D04E6F800525C51 /* RoutineHeaderCell.swift in Sources */,
				1F5770991EBFD0FA005E0783 /* LocalDatabaseController.swift in Sources */,
				1F9577D41D0112FF00525C51 /* WorkoutData.swift in Sources */,
				1F9577D61D04DDB000525C51 /* ExerciseCell.swift in Sources */,
				1F9577E01D14923F00525C51 /* WorkoutOptionCell.swift in Sources */,
				1F9577CA1CFEAEFC00525C51 /* SidePanelViewController.swift in Sources */,
				1F7A2B2D1CEAFA2400095F72 /* AppDelegate.swift in Sources */,
				1F9577DE1D14886D00525C51 /* OptionCollectionVC.swift in Sources */,
				1F9577C81CFEAE4100525C51 /* ContainerViewController.swift in Sources */,
				1F9577E21D1901D500525C51 /* WorkoutSaveVC.swift in Sources */,
				1F9577D01D00F24900525C51 /* WorkoutRequestVC.swift in Sources */,
				1F9577DA1D0FC71100525C51 /* ArchiveCell.swift in Sources */,
				1F9577DC1D10EFBA00525C51 /* WorkoutOptionVC.swift in Sources */,
				1F57707F1EBFC9D3005E0783 /* WorkoutModel.xcdatamodeld in Sources */,
				1F9577D21D00FFFC00525C51 /* WorkoutTableVC.swift in Sources */,
				1F7A2B5B1CEAFAF900095F72 /* WorkoutSelectorVC.swift in Sources */,
			);
			runOnlyForDeploymentPostprocessing = 0;
		};
		1F7A2B391CEAFA2600095F72 /* Sources */ = {
			isa = PBXSourcesBuildPhase;
			buildActionMask = 2147483647;
			files = (
				1F7A2B421CEAFA2600095F72 /* SelectorViewTests.swift in Sources */,
			);
			runOnlyForDeploymentPostprocessing = 0;
		};
		1F7A2B441CEAFA2600095F72 /* Sources */ = {
			isa = PBXSourcesBuildPhase;
			buildActionMask = 2147483647;
			files = (
				1F7A2B4D1CEAFA2700095F72 /* SelectorViewUITests.swift in Sources */,
			);
			runOnlyForDeploymentPostprocessing = 0;
		};
/* End PBXSourcesBuildPhase section */

/* Begin PBXTargetDependency section */
		1F7A2B3F1CEAFA2600095F72 /* PBXTargetDependency */ = {
			isa = PBXTargetDependency;
			target = 1F7A2B281CEAFA2400095F72 /* SweatRoulette */;
			targetProxy = 1F7A2B3E1CEAFA2600095F72 /* PBXContainerItemProxy */;
		};
		1F7A2B4A1CEAFA2600095F72 /* PBXTargetDependency */ = {
			isa = PBXTargetDependency;
			target = 1F7A2B281CEAFA2400095F72 /* SweatRoulette */;
			targetProxy = 1F7A2B491CEAFA2600095F72 /* PBXContainerItemProxy */;
		};
/* End PBXTargetDependency section */

/* Begin PBXVariantGroup section */
		1F7A2B351CEAFA2600095F72 /* LaunchScreen.storyboard */ = {
			isa = PBXVariantGroup;
			children = (
				1F7A2B361CEAFA2600095F72 /* Base */,
			);
			name = LaunchScreen.storyboard;
			sourceTree = "<group>";
		};
/* End PBXVariantGroup section */

/* Begin XCBuildConfiguration section */
		1F7A2B4F1CEAFA2700095F72 /* Debug */ = {
			isa = XCBuildConfiguration;
			buildSettings = {
				ALWAYS_SEARCH_USER_PATHS = NO;
				CLANG_CXX_LANGUAGE_STANDARD = "gnu++0x";
				CLANG_CXX_LIBRARY = "libc++";
				CLANG_ENABLE_MODULES = YES;
				CLANG_ENABLE_OBJC_ARC = YES;
				CLANG_WARN_BOOL_CONVERSION = YES;
				CLANG_WARN_CONSTANT_CONVERSION = YES;
				CLANG_WARN_DIRECT_OBJC_ISA_USAGE = YES_ERROR;
				CLANG_WARN_EMPTY_BODY = YES;
				CLANG_WARN_ENUM_CONVERSION = YES;
				CLANG_WARN_INT_CONVERSION = YES;
				CLANG_WARN_OBJC_ROOT_CLASS = YES_ERROR;
				CLANG_WARN_UNREACHABLE_CODE = YES;
				CLANG_WARN__DUPLICATE_METHOD_MATCH = YES;
				"CODE_SIGN_IDENTITY[sdk=iphoneos*]" = "iPhone Developer";
				COPY_PHASE_STRIP = NO;
				DEBUG_INFORMATION_FORMAT = dwarf;
				ENABLE_STRICT_OBJC_MSGSEND = YES;
				ENABLE_TESTABILITY = YES;
				GCC_C_LANGUAGE_STANDARD = gnu99;
				GCC_DYNAMIC_NO_PIC = NO;
				GCC_NO_COMMON_BLOCKS = YES;
				GCC_OPTIMIZATION_LEVEL = 0;
				GCC_PREPROCESSOR_DEFINITIONS = (
					"DEBUG=1",
					"$(inherited)",
				);
				GCC_WARN_64_TO_32_BIT_CONVERSION = YES;
				GCC_WARN_ABOUT_RETURN_TYPE = YES_ERROR;
				GCC_WARN_UNDECLARED_SELECTOR = YES;
				GCC_WARN_UNINITIALIZED_AUTOS = YES_AGGRESSIVE;
				GCC_WARN_UNUSED_FUNCTION = YES;
				GCC_WARN_UNUSED_VARIABLE = YES;
				IPHONEOS_DEPLOYMENT_TARGET = 9.2;
				MTL_ENABLE_DEBUG_INFO = YES;
				ONLY_ACTIVE_ARCH = YES;
				SDKROOT = iphoneos;
				SWIFT_OPTIMIZATION_LEVEL = "-Onone";
			};
			name = Debug;
		};
		1F7A2B501CEAFA2700095F72 /* Release */ = {
			isa = XCBuildConfiguration;
			buildSettings = {
				ALWAYS_SEARCH_USER_PATHS = NO;
				CLANG_CXX_LANGUAGE_STANDARD = "gnu++0x";
				CLANG_CXX_LIBRARY = "libc++";
				CLANG_ENABLE_MODULES = YES;
				CLANG_ENABLE_OBJC_ARC = YES;
				CLANG_WARN_BOOL_CONVERSION = YES;
				CLANG_WARN_CONSTANT_CONVERSION = YES;
				CLANG_WARN_DIRECT_OBJC_ISA_USAGE = YES_ERROR;
				CLANG_WARN_EMPTY_BODY = YES;
				CLANG_WARN_ENUM_CONVERSION = YES;
				CLANG_WARN_INT_CONVERSION = YES;
				CLANG_WARN_OBJC_ROOT_CLASS = YES_ERROR;
				CLANG_WARN_UNREACHABLE_CODE = YES;
				CLANG_WARN__DUPLICATE_METHOD_MATCH = YES;
				"CODE_SIGN_IDENTITY[sdk=iphoneos*]" = "iPhone Developer";
				COPY_PHASE_STRIP = NO;
				DEBUG_INFORMATION_FORMAT = "dwarf-with-dsym";
				ENABLE_NS_ASSERTIONS = NO;
				ENABLE_STRICT_OBJC_MSGSEND = YES;
				GCC_C_LANGUAGE_STANDARD = gnu99;
				GCC_NO_COMMON_BLOCKS = YES;
				GCC_WARN_64_TO_32_BIT_CONVERSION = YES;
				GCC_WARN_ABOUT_RETURN_TYPE = YES_ERROR;
				GCC_WARN_UNDECLARED_SELECTOR = YES;
				GCC_WARN_UNINITIALIZED_AUTOS = YES_AGGRESSIVE;
				GCC_WARN_UNUSED_FUNCTION = YES;
				GCC_WARN_UNUSED_VARIABLE = YES;
				IPHONEOS_DEPLOYMENT_TARGET = 9.2;
				MTL_ENABLE_DEBUG_INFO = NO;
				SDKROOT = iphoneos;
				VALIDATE_PRODUCT = YES;
			};
			name = Release;
		};
		1F7A2B521CEAFA2700095F72 /* Debug */ = {
			isa = XCBuildConfiguration;
			buildSettings = {
				ASSETCATALOG_COMPILER_APPICON_NAME = AppIcon;
				INFOPLIST_FILE = SelectorView/Info.plist;
				LD_RUNPATH_SEARCH_PATHS = "$(inherited) @executable_path/Frameworks";
				PRODUCT_BUNDLE_IDENTIFIER = com.skz.SweatRoulette;
				PRODUCT_NAME = "$(TARGET_NAME)";
			};
			name = Debug;
		};
		1F7A2B531CEAFA2700095F72 /* Release */ = {
			isa = XCBuildConfiguration;
			buildSettings = {
				ASSETCATALOG_COMPILER_APPICON_NAME = AppIcon;
				INFOPLIST_FILE = SelectorView/Info.plist;
				LD_RUNPATH_SEARCH_PATHS = "$(inherited) @executable_path/Frameworks";
				PRODUCT_BUNDLE_IDENTIFIER = com.skz.SweatRoulette;
				PRODUCT_NAME = "$(TARGET_NAME)";
			};
			name = Release;
		};
		1F7A2B551CEAFA2700095F72 /* Debug */ = {
			isa = XCBuildConfiguration;
			buildSettings = {
				BUNDLE_LOADER = "$(TEST_HOST)";
				INFOPLIST_FILE = SelectorViewTests/Info.plist;
				LD_RUNPATH_SEARCH_PATHS = "$(inherited) @executable_path/Frameworks @loader_path/Frameworks";
				PRODUCT_BUNDLE_IDENTIFIER = com.skz.SelectorViewTests;
				PRODUCT_NAME = SweatRouletteTests;
				TEST_HOST = "$(BUILT_PRODUCTS_DIR)/SweatRoulette.app/SweatRoulette";
			};
			name = Debug;
		};
		1F7A2B561CEAFA2700095F72 /* Release */ = {
			isa = XCBuildConfiguration;
			buildSettings = {
				BUNDLE_LOADER = "$(TEST_HOST)";
				INFOPLIST_FILE = SelectorViewTests/Info.plist;
				LD_RUNPATH_SEARCH_PATHS = "$(inherited) @executable_path/Frameworks @loader_path/Frameworks";
				PRODUCT_BUNDLE_IDENTIFIER = com.skz.SelectorViewTests;
				PRODUCT_NAME = SweatRouletteTests;
				TEST_HOST = "$(BUILT_PRODUCTS_DIR)/SweatRoulette.app/SweatRoulette";
			};
			name = Release;
		};
		1F7A2B581CEAFA2700095F72 /* Debug */ = {
			isa = XCBuildConfiguration;
			buildSettings = {
				INFOPLIST_FILE = SelectorViewUITests/Info.plist;
				LD_RUNPATH_SEARCH_PATHS = "$(inherited) @executable_path/Frameworks @loader_path/Frameworks";
				PRODUCT_BUNDLE_IDENTIFIER = com.skz.SelectorViewUITests;
				PRODUCT_NAME = SweatRouletteTests;
				TEST_TARGET_NAME = SelectorView;
				USES_XCTRUNNER = YES;
			};
			name = Debug;
		};
		1F7A2B591CEAFA2700095F72 /* Release */ = {
			isa = XCBuildConfiguration;
			buildSettings = {
				INFOPLIST_FILE = SelectorViewUITests/Info.plist;
				LD_RUNPATH_SEARCH_PATHS = "$(inherited) @executable_path/Frameworks @loader_path/Frameworks";
				PRODUCT_BUNDLE_IDENTIFIER = com.skz.SelectorViewUITests;
				PRODUCT_NAME = SweatRouletteTests;
				TEST_TARGET_NAME = SelectorView;
				USES_XCTRUNNER = YES;
			};
			name = Release;
		};
/* End XCBuildConfiguration section */

/* Begin XCConfigurationList section */
		1F7A2B241CEAFA2400095F72 /* Build configuration list for PBXProject "SweatRoulette" */ = {
			isa = XCConfigurationList;
			buildConfigurations = (
				1F7A2B4F1CEAFA2700095F72 /* Debug */,
				1F7A2B501CEAFA2700095F72 /* Release */,
			);
			defaultConfigurationIsVisible = 0;
			defaultConfigurationName = Release;
		};
		1F7A2B511CEAFA2700095F72 /* Build configuration list for PBXNativeTarget "SweatRoulette" */ = {
			isa = XCConfigurationList;
			buildConfigurations = (
				1F7A2B521CEAFA2700095F72 /* Debug */,
				1F7A2B531CEAFA2700095F72 /* Release */,
			);
			defaultConfigurationIsVisible = 0;
			defaultConfigurationName = Release;
		};
		1F7A2B541CEAFA2700095F72 /* Build configuration list for PBXNativeTarget "SweatRouletteTests" */ = {
			isa = XCConfigurationList;
			buildConfigurations = (
				1F7A2B551CEAFA2700095F72 /* Debug */,
				1F7A2B561CEAFA2700095F72 /* Release */,
			);
			defaultConfigurationIsVisible = 0;
			defaultConfigurationName = Release;
		};
		1F7A2B571CEAFA2700095F72 /* Build configuration list for PBXNativeTarget "SweatRouletteUITests" */ = {
			isa = XCConfigurationList;
			buildConfigurations = (
				1F7A2B581CEAFA2700095F72 /* Debug */,
				1F7A2B591CEAFA2700095F72 /* Release */,
			);
			defaultConfigurationIsVisible = 0;
			defaultConfigurationName = Release;
		};
/* End XCConfigurationList section */

/* Begin XCVersionGroup section */
		1F57707D1EBFC9D3005E0783 /* WorkoutModel.xcdatamodeld */ = {
			isa = XCVersionGroup;
			children = (
				1F57707E1EBFC9D3005E0783 /* WorkoutModel.xcdatamodel */,
			);
			currentVersion = 1F57707E1EBFC9D3005E0783 /* WorkoutModel.xcdatamodel */;
			path = WorkoutModel.xcdatamodeld;
			sourceTree = "<group>";
			versionGroupType = wrapper.xcdatamodel;
		};
/* End XCVersionGroup section */
	};
	rootObject = 1F7A2B211CEAFA2400095F72 /* Project object */;
}
